// !$*UTF8*$!
{
	archiveVersion = 1;
	classes = {
	};
	objectVersion = 55;
	objects = {

/* Begin PBXBuildFile section */
		DD75B4112DFA621D00F99C9E /* ContentView.swift in Sources */ = {isa = PBXBuildFile; fileRef = DD75B40E2DFA621D00F99C9E /* ContentView.swift */; };
		DD75B4122DFA621D00F99C9E /* CameraPreview.swift in Sources */ = {isa = PBXBuildFile; fileRef = DD75B40A2DFA621D00F99C9E /* CameraPreview.swift */; };
		DD75B4132DFA621D00F99C9E /* CaptureView.swift in Sources */ = {isa = PBXBuildFile; fileRef = DD75B40C2DFA621D00F99C9E /* CaptureView.swift */; };
		DD75B4142DFA621D00F99C9E /* CameraViewModel.Swift in Sources */ = {isa = PBXBuildFile; fileRef = DD75B40B2DFA621D00F99C9E /* CameraViewModel.Swift */; };
		DD75B4152DFA621D00F99C9E /* Camera_AppApp.swift in Sources */ = {isa = PBXBuildFile; fileRef = DD75B4082DFA621D00F99C9E /* Camera_AppApp.swift */; };
		DD75B4162DFA621D00F99C9E /* CircleButton.swift in Sources */ = {isa = PBXBuildFile; fileRef = DD75B40D2DFA621D00F99C9E /* CircleButton.swift */; };
		DD75B4172DFA621D00F99C9E /* CameraManager.swift in Sources */ = {isa = PBXBuildFile; fileRef = DD75B4092DFA621D00F99C9E /* CameraManager.swift */; };
		DD75B4182DFA621D00F99C9E /* info.plist in Resources */ = {isa = PBXBuildFile; fileRef = DD75B40F2DFA621D00F99C9E /* info.plist */; };
		DD75B4192DFA621D00F99C9E /* Preview Assets.xcassets in Resources */ = {isa = PBXBuildFile; fileRef = DD75B4052DFA621D00F99C9E /* Preview Assets.xcassets */; };
		DD75B41A2DFA621D00F99C9E /* Assets.xcassets in Resources */ = {isa = PBXBuildFile; fileRef = DD75B4072DFA621D00F99C9E /* Assets.xcassets */; };
/* End PBXBuildFile section */

/* Begin PBXFileReference section */
		DD75B4052DFA621D00F99C9E /* Preview Assets.xcassets */ = {isa = PBXFileReference; lastKnownFileType = folder.assetcatalog; path = "Preview Assets.xcassets"; sourceTree = "<group>"; };
		DD75B4072DFA621D00F99C9E /* Assets.xcassets */ = {isa = PBXFileReference; lastKnownFileType = folder.assetcatalog; path = Assets.xcassets; sourceTree = "<group>"; };
		DD75B4082DFA621D00F99C9E /* Camera_AppApp.swift */ = {isa = PBXFileReference; lastKnownFileType = sourcecode.swift; path = Camera_AppApp.swift; sourceTree = "<group>"; };
		DD75B4092DFA621D00F99C9E /* CameraManager.swift */ = {isa = PBXFileReference; lastKnownFileType = sourcecode.swift; path = CameraManager.swift; sourceTree = "<group>"; };
		DD75B40A2DFA621D00F99C9E /* CameraPreview.swift */ = {isa = PBXFileReference; lastKnownFileType = sourcecode.swift; path = CameraPreview.swift; sourceTree = "<group>"; };
		DD75B40B2DFA621D00F99C9E /* CameraViewModel.Swift */ = {isa = PBXFileReference; lastKnownFileType = sourcecode.swift; path = CameraViewModel.Swift; sourceTree = "<group>"; };
		DD75B40C2DFA621D00F99C9E /* CaptureView.swift */ = {isa = PBXFileReference; lastKnownFileType = sourcecode.swift; path = CaptureView.swift; sourceTree = "<group>"; };
		DD75B40D2DFA621D00F99C9E /* CircleButton.swift */ = {isa = PBXFileReference; lastKnownFileType = sourcecode.swift; path = CircleButton.swift; sourceTree = "<group>"; };
		DD75B40E2DFA621D00F99C9E /* ContentView.swift */ = {isa = PBXFileReference; lastKnownFileType = sourcecode.swift; path = ContentView.swift; sourceTree = "<group>"; };
		DD75B40F2DFA621D00F99C9E /* info.plist */ = {isa = PBXFileReference; lastKnownFileType = text.plist.xml; path = info.plist; sourceTree = "<group>"; };
		DD75B41B2DFA623F00F99C9E /* .gitignore */ = {isa = PBXFileReference; lastKnownFileType = text; path = .gitignore; sourceTree = "<group>"; };
		DDA6BAB42B0EA1B900BBD725 /* Camera-App.app */ = {isa = PBXFileReference; explicitFileType = wrapper.application; includeInIndex = 0; name = "Camera-App.app"; path = "/Users/jaredthompkins/Camera-App/build/Debug-iphoneos/Camera-App.app"; sourceTree = "<absolute>"; };
/* End PBXFileReference section */

/* Begin PBXFrameworksBuildPhase section */
		DDA6BAB12B0EA1B900BBD725 /* Frameworks */ = {
			isa = PBXFrameworksBuildPhase;
			buildActionMask = 2147483647;
			files = (
			);
			runOnlyForDeploymentPostprocessing = 0;
		};
/* End PBXFrameworksBuildPhase section */

/* Begin PBXGroup section */
		DD75B4062DFA621D00F99C9E /* Preview Content */ = {
			isa = PBXGroup;
			children = (
				DD75B4052DFA621D00F99C9E /* Preview Assets.xcassets */,
			);
			path = "Preview Content";
			sourceTree = "<group>";
		};
		DD75B4102DFA621D00F99C9E /* src */ = {
			isa = PBXGroup;
			children = (
				DD75B4062DFA621D00F99C9E /* Preview Content */,
				DD75B4072DFA621D00F99C9E /* Assets.xcassets */,
				DD75B4082DFA621D00F99C9E /* Camera_AppApp.swift */,
				DD75B4092DFA621D00F99C9E /* CameraManager.swift */,
				DD75B40A2DFA621D00F99C9E /* CameraPreview.swift */,
				DD75B40B2DFA621D00F99C9E /* CameraViewModel.Swift */,
				DD75B40C2DFA621D00F99C9E /* CaptureView.swift */,
				DD75B40D2DFA621D00F99C9E /* CircleButton.swift */,
				DD75B40E2DFA621D00F99C9E /* ContentView.swift */,
				DD75B40F2DFA621D00F99C9E /* info.plist */,
			);
			path = src;
			sourceTree = "<group>";
		};
		DDA6BAAB2B0EA1B900BBD725 = {
			isa = PBXGroup;
			children = (
				DD75B4102DFA621D00F99C9E /* src */,
				DD75B41B2DFA623F00F99C9E /* .gitignore */,
			);
			sourceTree = "<group>";
		};
/* End PBXGroup section */

/* Begin PBXNativeTarget section */
		DDA6BAB32B0EA1B900BBD725 /* Camera-App */ = {
			isa = PBXNativeTarget;
			buildConfigurationList = DDA6BAC22B0EA1BD00BBD725 /* Build configuration list for PBXNativeTarget "Camera-App" */;
			buildPhases = (
				DDA6BAB02B0EA1B900BBD725 /* Sources */,
				DDA6BAB12B0EA1B900BBD725 /* Frameworks */,
				DDA6BAB22B0EA1B900BBD725 /* Resources */,
			);
			buildRules = (
			);
			dependencies = (
			);
			name = "Camera-App";
			productName = "Camera-App";
			productReference = DDA6BAB42B0EA1B900BBD725 /* Camera-App.app */;
			productType = "com.apple.product-type.application";
		};
/* End PBXNativeTarget section */

/* Begin PBXProject section */
		DDA6BAAC2B0EA1B900BBD725 /* Project object */ = {
			isa = PBXProject;
			attributes = {
				LastSwiftUpdateCheck = 1320;
				LastUpgradeCheck = 1320;
				TargetAttributes = {
					DDA6BAB32B0EA1B900BBD725 = {
						CreatedOnToolsVersion = 14.2;
					};
				};
			};
			buildConfigurationList = DDA6BAAF2B0EA1B900BBD725 /* Build configuration list for PBXProject "Camera-App" */;
			compatibilityVersion = "Xcode 13.0";
			developmentRegion = en;
			hasScannedForEncodings = 0;
			knownRegions = (
				en,
				Base,
			);
			mainGroup = DDA6BAAB2B0EA1B900BBD725;
			productRefGroup = DDA6BAAB2B0EA1B900BBD725;
			projectDirPath = "";
			projectRoot = "";
			targets = (
				DDA6BAB32B0EA1B900BBD725 /* Camera-App */,
			);
		};
/* End PBXProject section */

/* Begin PBXResourcesBuildPhase section */
		DDA6BAB22B0EA1B900BBD725 /* Resources */ = {
			isa = PBXResourcesBuildPhase;
			buildActionMask = 2147483647;
			files = (
				DD75B4182DFA621D00F99C9E /* info.plist in Resources */,
				DD75B4192DFA621D00F99C9E /* Preview Assets.xcassets in Resources */,
				DD75B41A2DFA621D00F99C9E /* Assets.xcassets in Resources */,
			);
			runOnlyForDeploymentPostprocessing = 0;
		};
/* End PBXResourcesBuildPhase section */

/* Begin PBXSourcesBuildPhase section */
		DDA6BAB02B0EA1B900BBD725 /* Sources */ = {
			isa = PBXSourcesBuildPhase;
			buildActionMask = 2147483647;
			files = (
				DD75B4112DFA621D00F99C9E /* ContentView.swift in Sources */,
				DD75B4122DFA621D00F99C9E /* CameraPreview.swift in Sources */,
				DD75B4132DFA621D00F99C9E /* CaptureView.swift in Sources */,
				DD75B4142DFA621D00F99C9E /* CameraViewModel.Swift in Sources */,
				DD75B4152DFA621D00F99C9E /* Camera_AppApp.swift in Sources */,
				DD75B4162DFA621D00F99C9E /* CircleButton.swift in Sources */,
				DD75B4172DFA621D00F99C9E /* CameraManager.swift in Sources */,
			);
			runOnlyForDeploymentPostprocessing = 0;
		};
/* End PBXSourcesBuildPhase section */

/* Begin XCBuildConfiguration section */
		DDA6BAC02B0EA1BD00BBD725 /* Debug */ = {
			isa = XCBuildConfiguration;
			buildSettings = {
				ALWAYS_SEARCH_USER_PATHS = NO;
				CLANG_ANALYZER_NONNULL = YES;
				CLANG_ANALYZER_NUMBER_OBJECT_CONVERSION = YES_AGGRESSIVE;
				CLANG_CXX_LANGUAGE_STANDARD = "gnu++20";
				CLANG_ENABLE_MODULES = YES;
				CLANG_ENABLE_OBJC_ARC = YES;
				CLANG_ENABLE_OBJC_WEAK = YES;
				CLANG_WARN_BLOCK_CAPTURE_AUTORELEASING = YES;
				CLANG_WARN_BOOL_CONVERSION = YES;
				CLANG_WARN_COMMA = YES;
				CLANG_WARN_CONSTANT_CONVERSION = YES;
				CLANG_WARN_DEPRECATED_OBJC_IMPLEMENTATIONS = YES;
				CLANG_WARN_DIRECT_OBJC_ISA_USAGE = YES_ERROR;
				CLANG_WARN_DOCUMENTATION_COMMENTS = YES;
				CLANG_WARN_EMPTY_BODY = YES;
				CLANG_WARN_ENUM_CONVERSION = YES;
				CLANG_WARN_INFINITE_RECURSION = YES;
				CLANG_WARN_INT_CONVERSION = YES;
				CLANG_WARN_NON_LITERAL_NULL_CONVERSION = YES;
				CLANG_WARN_OBJC_IMPLICIT_RETAIN_SELF = YES;
				CLANG_WARN_OBJC_LITERAL_CONVERSION = YES;
				CLANG_WARN_OBJC_ROOT_CLASS = YES_ERROR;
				CLANG_WARN_QUOTED_INCLUDE_IN_FRAMEWORK_HEADER = YES;
				CLANG_WARN_RANGE_LOOP_ANALYSIS = YES;
				CLANG_WARN_STRICT_PROTOTYPES = YES;
				CLANG_WARN_SUSPICIOUS_MOVE = YES;
				CLANG_WARN_UNGUARDED_AVAILABILITY = YES_AGGRESSIVE;
				CLANG_WARN_UNREACHABLE_CODE = YES;
				CLANG_WARN__DUPLICATE_METHOD_MATCH = YES;
				COPY_PHASE_STRIP = NO;
				DEBUG_INFORMATION_FORMAT = dwarf;
				ENABLE_STRICT_OBJC_MSGSEND = YES;
				ENABLE_TESTABILITY = YES;
				GCC_C_LANGUAGE_STANDARD = gnu11;
				GCC_DYNAMIC_NO_PIC = NO;
				GCC_NO_COMMON_BLOCKS = YES;
				GCC_OPTIMIZATION_LEVEL = 0;
				GCC_PREPROCESSOR_DEFINITIONS = (
					"DEBUG=1",
					"$(inherited)",
				);
				GCC_WARN_64_TO_32_BIT_CONVERSION = YES;
				GCC_WARN_ABOUT_RETURN_TYPE = YES_ERROR;
				GCC_WARN_UNDECLARED_SELECTOR = YES;
				GCC_WARN_UNINITIALIZED_AUTOS = YES_AGGRESSIVE;
				GCC_WARN_UNUSED_FUNCTION = YES;
				GCC_WARN_UNUSED_VARIABLE = YES;
				IPHONEOS_DEPLOYMENT_TARGET = 16.2;
				MTL_ENABLE_DEBUG_INFO = INCLUDE_SOURCE;
				MTL_FAST_MATH = YES;
				ONLY_ACTIVE_ARCH = YES;
				SDKROOT = iphoneos;
				SWIFT_ACTIVE_COMPILATION_CONDITIONS = DEBUG;
				SWIFT_OPTIMIZATION_LEVEL = "-Onone";
			};
			name = Debug;
		};
		DDA6BAC12B0EA1BD00BBD725 /* Release */ = {
			isa = XCBuildConfiguration;
			buildSettings = {
				ALWAYS_SEARCH_USER_PATHS = NO;
				CLANG_ANALYZER_NONNULL = YES;
				CLANG_ANALYZER_NUMBER_OBJECT_CONVERSION = YES_AGGRESSIVE;
				CLANG_CXX_LANGUAGE_STANDARD = "gnu++20";
				CLANG_ENABLE_MODULES = YES;
				CLANG_ENABLE_OBJC_ARC = YES;
				CLANG_ENABLE_OBJC_WEAK = YES;
				CLANG_WARN_BLOCK_CAPTURE_AUTORELEASING = YES;
				CLANG_WARN_BOOL_CONVERSION = YES;
				CLANG_WARN_COMMA = YES;
				CLANG_WARN_CONSTANT_CONVERSION = YES;
				CLANG_WARN_DEPRECATED_OBJC_IMPLEMENTATIONS = YES;
				CLANG_WARN_DIRECT_OBJC_ISA_USAGE = YES_ERROR;
				CLANG_WARN_DOCUMENTATION_COMMENTS = YES;
				CLANG_WARN_EMPTY_BODY = YES;
				CLANG_WARN_ENUM_CONVERSION = YES;
				CLANG_WARN_INFINITE_RECURSION = YES;
				CLANG_WARN_INT_CONVERSION = YES;
				CLANG_WARN_NON_LITERAL_NULL_CONVERSION = YES;
				CLANG_WARN_OBJC_IMPLICIT_RETAIN_SELF = YES;
				CLANG_WARN_OBJC_LITERAL_CONVERSION = YES;
				CLANG_WARN_OBJC_ROOT_CLASS = YES_ERROR;
				CLANG_WARN_QUOTED_INCLUDE_IN_FRAMEWORK_HEADER = YES;
				CLANG_WARN_RANGE_LOOP_ANALYSIS = YES;
				CLANG_WARN_STRICT_PROTOTYPES = YES;
				CLANG_WARN_SUSPICIOUS_MOVE = YES;
				CLANG_WARN_UNGUARDED_AVAILABILITY = YES_AGGRESSIVE;
				CLANG_WARN_UNREACHABLE_CODE = YES;
				CLANG_WARN__DUPLICATE_METHOD_MATCH = YES;
				COPY_PHASE_STRIP = NO;
				DEBUG_INFORMATION_FORMAT = "dwarf-with-dsym";
				ENABLE_NS_ASSERTIONS = NO;
				ENABLE_STRICT_OBJC_MSGSEND = YES;
				GCC_C_LANGUAGE_STANDARD = gnu11;
				GCC_NO_COMMON_BLOCKS = YES;
				GCC_WARN_64_TO_32_BIT_CONVERSION = YES;
				GCC_WARN_ABOUT_RETURN_TYPE = YES_ERROR;
				GCC_WARN_UNDECLARED_SELECTOR = YES;
				GCC_WARN_UNINITIALIZED_AUTOS = YES_AGGRESSIVE;
				GCC_WARN_UNUSED_FUNCTION = YES;
				GCC_WARN_UNUSED_VARIABLE = YES;
				IPHONEOS_DEPLOYMENT_TARGET = 16.2;
				MTL_ENABLE_DEBUG_INFO = NO;
				MTL_FAST_MATH = YES;
				SDKROOT = iphoneos;
				SWIFT_COMPILATION_MODE = wholemodule;
				SWIFT_OPTIMIZATION_LEVEL = "-O";
				VALIDATE_PRODUCT = YES;
			};
			name = Release;
		};
		DDA6BAC32B0EA1BD00BBD725 /* Debug */ = {
			isa = XCBuildConfiguration;
			buildSettings = {
				ASSETCATALOG_COMPILER_APPICON_NAME = AppIcon;
				ASSETCATALOG_COMPILER_GLOBAL_ACCENT_COLOR_NAME = AccentColor;
				CODE_SIGN_IDENTITY = "Apple Development";
				CODE_SIGN_STYLE = Automatic;
				CURRENT_PROJECT_VERSION = 1;
				DEVELOPMENT_ASSET_PATHS = "\"Camera-App/Preview Content\"";
				DEVELOPMENT_TEAM = XYQ2NMB5R2;
				ENABLE_PREVIEWS = YES;
				GENERATE_INFOPLIST_FILE = YES;
				INFOPLIST_FILE = "Camera-App/Info.plist";
				INFOPLIST_KEY_NSCameraUsageDescription = "This app requires camera access to take photos and videos.";
				INFOPLIST_KEY_UIApplicationSceneManifest_Generation = YES;
				INFOPLIST_KEY_UIApplicationSupportsIndirectInputEvents = YES;
				INFOPLIST_KEY_UILaunchScreen_Generation = YES;
				INFOPLIST_KEY_UISupportedInterfaceOrientations = UIInterfaceOrientationPortrait;
				INFOPLIST_KEY_UISupportedInterfaceOrientations_iPad = "UIInterfaceOrientationLandscapeLeft UIInterfaceOrientationLandscapeRight UIInterfaceOrientationPortrait UIInterfaceOrientationPortraitUpsideDown";
				IPHONEOS_DEPLOYMENT_TARGET = 15.2;
				LD_RUNPATH_SEARCH_PATHS = (
					"$(inherited)",
					"@executable_path/Frameworks",
				);
				MARKETING_VERSION = 1.0;
				PRODUCT_BUNDLE_IDENTIFIER = "com.jared-thompkins.Camera-App";
				PRODUCT_NAME = "$(TARGET_NAME)";
				PROVISIONING_PROFILE_SPECIFIER = "";
				SUPPORTED_PLATFORMS = "iphoneos iphonesimulator";
				SUPPORTS_MACCATALYST = NO;
				SUPPORTS_MAC_DESIGNED_FOR_IPHONE_IPAD = NO;
				SWIFT_EMIT_LOC_STRINGS = YES;
				SWIFT_VERSION = 5.0;
				TARGETED_DEVICE_FAMILY = 1;
			};
			name = Debug;
		};
		DDA6BAC42B0EA1BD00BBD725 /* Release */ = {
			isa = XCBuildConfiguration;
			buildSettings = {
				ASSETCATALOG_COMPILER_APPICON_NAME = AppIcon;
				ASSETCATALOG_COMPILER_GLOBAL_ACCENT_COLOR_NAME = AccentColor;
				CODE_SIGN_IDENTITY = "Apple Development";
				CODE_SIGN_STYLE = Automatic;
				CURRENT_PROJECT_VERSION = 1;
				DEVELOPMENT_ASSET_PATHS = "\"Camera-App/Preview Content\"";
				DEVELOPMENT_TEAM = XYQ2NMB5R2;
				ENABLE_PREVIEWS = YES;
				GENERATE_INFOPLIST_FILE = YES;
				INFOPLIST_FILE = "Camera-App/Info.plist";
				INFOPLIST_KEY_NSCameraUsageDescription = "This app requires camera access to take photos and videos.";
				INFOPLIST_KEY_UIApplicationSceneManifest_Generation = YES;
				INFOPLIST_KEY_UIApplicationSupportsIndirectInputEvents = YES;
				INFOPLIST_KEY_UILaunchScreen_Generation = YES;
				INFOPLIST_KEY_UISupportedInterfaceOrientations = UIInterfaceOrientationPortrait;
				INFOPLIST_KEY_UISupportedInterfaceOrientations_iPad = "UIInterfaceOrientationLandscapeLeft UIInterfaceOrientationLandscapeRight UIInterfaceOrientationPortrait UIInterfaceOrientationPortraitUpsideDown";
				IPHONEOS_DEPLOYMENT_TARGET = 15.2;
				LD_RUNPATH_SEARCH_PATHS = (
					"$(inherited)",
					"@executable_path/Frameworks",
				);
				MARKETING_VERSION = 1.0;
				PRODUCT_BUNDLE_IDENTIFIER = "com.jared-thompkins.Camera-App";
				PRODUCT_NAME = "$(TARGET_NAME)";
				PROVISIONING_PROFILE_SPECIFIER = "";
				SUPPORTED_PLATFORMS = "iphoneos iphonesimulator";
				SUPPORTS_MACCATALYST = NO;
				SUPPORTS_MAC_DESIGNED_FOR_IPHONE_IPAD = NO;
				SWIFT_EMIT_LOC_STRINGS = YES;
				SWIFT_VERSION = 5.0;
				TARGETED_DEVICE_FAMILY = 1;
			};
			name = Release;
		};
/* End XCBuildConfiguration section */

/* Begin XCConfigurationList section */
		DDA6BAAF2B0EA1B900BBD725 /* Build configuration list for PBXProject "Camera-App" */ = {
			isa = XCConfigurationList;
			buildConfigurations = (
				DDA6BAC02B0EA1BD00BBD725 /* Debug */,
				DDA6BAC12B0EA1BD00BBD725 /* Release */,
			);
			defaultConfigurationIsVisible = 0;
			defaultConfigurationName = Release;
		};
		DDA6BAC22B0EA1BD00BBD725 /* Build configuration list for PBXNativeTarget "Camera-App" */ = {
			isa = XCConfigurationList;
			buildConfigurations = (
				DDA6BAC32B0EA1BD00BBD725 /* Debug */,
				DDA6BAC42B0EA1BD00BBD725 /* Release */,
			);
			defaultConfigurationIsVisible = 0;
			defaultConfigurationName = Release;
		};
/* End XCConfigurationList section */
	};
	rootObject = DDA6BAAC2B0EA1B900BBD725 /* Project object */;
}
